github.com/xiaobudongzhang/sf v0.0.0-20190417230413-5589526aeb9e h1:WflUWvjsBmvOwtzW8Kb1GyaH5Vv0jgj1qQIbLAxmqM0=
github.com/xiaobudongzhang/sf v0.0.0-20190417230413-5589526aeb9e/go.mod h1:1lUkUPVlfoi9H+mNAkOHBsBqXdPoH14fubRK1ldAvRs=
github.com/xiaobudongzhang/sf v1.0.0 h1:iryI+gOE9cBbtonUtlhjtzHkuu/WWtRYUP0r3sPiP2M=
github.com/xiaobudongzhang/sf v1.0.0/go.mod h1:1lUkUPVlfoi9H+mNAkOHBsBqXdPoH14fubRK1ldAvRs=
